// !$*UTF8*$!
{
	archiveVersion = 1;
	classes = {
	};
	objectVersion = 48;
	objects = {

/* Begin PBXBuildFile section */
		410AB34F1EA7C96F008935B5 /* MutatorSupablock.swift in Sources */ = {isa = PBXBuildFile; fileRef = 410AB34E1EA7C96F008935B5 /* MutatorSupablock.swift */; };
		410AB3581EA7CA03008935B5 /* MutatorSupablockLayout.swift in Sources */ = {isa = PBXBuildFile; fileRef = 410AB3571EA7CA03008935B5 /* MutatorSupablockLayout.swift */; };
		410AB35A1EA7CA70008935B5 /* MutatorSupablockView.swift in Sources */ = {isa = PBXBuildFile; fileRef = 410AB3591EA7CA70008935B5 /* MutatorSupablockView.swift */; };
		410AB35C1EA8BED1008935B5 /* WorkbenchHelper.swift in Sources */ = {isa = PBXBuildFile; fileRef = 410AB35B1EA8BED1008935B5 /* WorkbenchHelper.swift */; };
		4110217B1E72038200741F23 /* MutatorJumpIndexed.swift in Sources */ = {isa = PBXBuildFile; fileRef = 4110217A1E72038200741F23 /* MutatorJumpIndexed.swift */; };
		4110217D1E72094100741F23 /* MutatorRegisterHelper.swift in Sources */ = {isa = PBXBuildFile; fileRef = 4110217C1E72094100741F23 /* MutatorRegisterHelper.swift */; };
		411021801E72230200741F23 /* MutatorJumpIndexedLayout.swift in Sources */ = {isa = PBXBuildFile; fileRef = 4110217F1E72230200741F23 /* MutatorJumpIndexedLayout.swift */; };
		411021831E72388000741F23 /* MutatorJumpIndexedView.swift in Sources */ = {isa = PBXBuildFile; fileRef = 411021821E72388000741F23 /* MutatorJumpIndexedView.swift */; };
		4111B7361EA2A9D900C8D2B2 /* WorkbenchAnchorListener.swift in Sources */ = {isa = PBXBuildFile; fileRef = 41F337951E748052007B53AE /* WorkbenchAnchorListener.swift */; };
		41267E761E7A6D4B00AA7A21 /* ExternalAccessory.framework in Frameworks */ = {isa = PBXBuildFile; fileRef = 41267E751E7A6D4B00AA7A21 /* ExternalAccessory.framework */; };
		41267E7C1E7A6D7600AA7A21 /* CoreBluetooth.framework in Frameworks */ = {isa = PBXBuildFile; fileRef = 41267E7B1E7A6D7600AA7A21 /* CoreBluetooth.framework */; };
		41267E7F1E7AF00500AA7A21 /* OrbcodeExecutor.m in Sources */ = {isa = PBXBuildFile; fileRef = 41267E7E1E7AF00500AA7A21 /* OrbcodeExecutor.m */; };
		41267E811E7AF0D500AA7A21 /* RobotUIKit.framework in Frameworks */ = {isa = PBXBuildFile; fileRef = 41267E801E7AF0D500AA7A21 /* RobotUIKit.framework */; };
		4136C3311E69014D00806D0D /* FilenameUITextFieldValidator.m in Sources */ = {isa = PBXBuildFile; fileRef = 4136C3301E69014D00806D0D /* FilenameUITextFieldValidator.m */; };
		4136C3351E69CBA700806D0D /* OrbBlockyWorkbenchController.m in Sources */ = {isa = PBXBuildFile; fileRef = 4136C3341E69CBA700806D0D /* OrbBlockyWorkbenchController.m */; };
		414074B91EA6BFA7001EDA50 /* OrbcodeCompiler.framework in Embed Frameworks */ = {isa = PBXBuildFile; fileRef = 41AD2B8E1E9F840C006B878B /* OrbcodeCompiler.framework */; settings = {ATTRIBUTES = (CodeSignOnCopy, RemoveHeadersOnCopy, ); }; };
		414569171E70DCF80046C516 /* colours.json in Resources */ = {isa = PBXBuildFile; fileRef = 414569161E70DCF80046C516 /* colours.json */; };
		414934021E797FD600A013FB /* OrbInfoViewController.m in Sources */ = {isa = PBXBuildFile; fileRef = 414934011E797FD600A013FB /* OrbInfoViewController.m */; };
		4154191F1E67204F00197C69 /* StorageManager.m in Sources */ = {isa = PBXBuildFile; fileRef = 4154191E1E67204F00197C69 /* StorageManager.m */; };
		415419221E67766800197C69 /* NSError+OrbError.m in Sources */ = {isa = PBXBuildFile; fileRef = 415419211E67766800197C69 /* NSError+OrbError.m */; };
		4169A8621E7883CA006E2AE3 /* BTViewController.m in Sources */ = {isa = PBXBuildFile; fileRef = 4169A8611E7883CA006E2AE3 /* BTViewController.m */; };
		4192B6611EA4DC700040E165 /* MutatorBatchDataRead.swift in Sources */ = {isa = PBXBuildFile; fileRef = 4192B6601EA4DC700040E165 /* MutatorBatchDataRead.swift */; };
		4192B66B1EA4DC8B0040E165 /* MutatorBatchDataWrite.swift in Sources */ = {isa = PBXBuildFile; fileRef = 4192B66A1EA4DC8B0040E165 /* MutatorBatchDataWrite.swift */; };
		4192B66D1EA4DE680040E165 /* MutatorBatchDataReadLayout.swift in Sources */ = {isa = PBXBuildFile; fileRef = 4192B66C1EA4DE680040E165 /* MutatorBatchDataReadLayout.swift */; };
		4192B66F1EA4DE830040E165 /* MutatorBatchDataWriteLayout.swift in Sources */ = {isa = PBXBuildFile; fileRef = 4192B66E1EA4DE830040E165 /* MutatorBatchDataWriteLayout.swift */; };
		41993B4C1E775B8F00D1082D /* math.json in Resources */ = {isa = PBXBuildFile; fileRef = 41993B4B1E775B8F00D1082D /* math.json */; };
		419AF8331E7A6B1100EC5F4A /* RobotKit.framework in Frameworks */ = {isa = PBXBuildFile; fileRef = 419AF8321E7A6B1100EC5F4A /* RobotKit.framework */; };
		419D1B381E781AC00057E24B /* loops.json in Resources */ = {isa = PBXBuildFile; fileRef = 419D1B371E781AC00057E24B /* loops.json */; };
		41A72BED1E5F8BBE00B500E3 /* main.m in Sources */ = {isa = PBXBuildFile; fileRef = 41A72BEC1E5F8BBE00B500E3 /* main.m */; };
		41A72BF01E5F8BBE00B500E3 /* AppDelegate.m in Sources */ = {isa = PBXBuildFile; fileRef = 41A72BEF1E5F8BBE00B500E3 /* AppDelegate.m */; };
		41A72BF31E5F8BBE00B500E3 /* ExplorerViewController.m in Sources */ = {isa = PBXBuildFile; fileRef = 41A72BF21E5F8BBE00B500E3 /* ExplorerViewController.m */; };
		41A72BF61E5F8BBE00B500E3 /* OrbEditorViewController.m in Sources */ = {isa = PBXBuildFile; fileRef = 41A72BF51E5F8BBE00B500E3 /* OrbEditorViewController.m */; };
		41A72BF91E5F8BBE00B500E3 /* Main.storyboard in Resources */ = {isa = PBXBuildFile; fileRef = 41A72BF71E5F8BBE00B500E3 /* Main.storyboard */; };
		41A72BFB1E5F8BBE00B500E3 /* Assets.xcassets in Resources */ = {isa = PBXBuildFile; fileRef = 41A72BFA1E5F8BBE00B500E3 /* Assets.xcassets */; };
		41A72BFE1E5F8BBE00B500E3 /* LaunchScreen.storyboard in Resources */ = {isa = PBXBuildFile; fileRef = 41A72BFC1E5F8BBE00B500E3 /* LaunchScreen.storyboard */; };
		41A72C461E604CA500B500E3 /* Blockly.xcassets in Resources */ = {isa = PBXBuildFile; fileRef = 41A72C451E604CA500B500E3 /* Blockly.xcassets */; };
		41A72C521E64396E00B500E3 /* Models.m in Sources */ = {isa = PBXBuildFile; fileRef = 41A72C511E64396E00B500E3 /* Models.m */; };
		41A8F3C11E70771B009D36D2 /* accessors.json in Resources */ = {isa = PBXBuildFile; fileRef = 41A8F3BA1E70771B009D36D2 /* accessors.json */; };
		41A8F3C21E70771B009D36D2 /* branch.json in Resources */ = {isa = PBXBuildFile; fileRef = 41A8F3BB1E70771B009D36D2 /* branch.json */; };
		41A8F3C41E70771B009D36D2 /* logic.json in Resources */ = {isa = PBXBuildFile; fileRef = 41A8F3BD1E70771B009D36D2 /* logic.json */; };
		41A8F3C51E70771B009D36D2 /* logic.override.json in Resources */ = {isa = PBXBuildFile; fileRef = 41A8F3BE1E70771B009D36D2 /* logic.override.json */; };
		41A8F3C61E70771B009D36D2 /* toolbox.xml in Resources */ = {isa = PBXBuildFile; fileRef = 41A8F3BF1E70771B009D36D2 /* toolbox.xml */; };
		41A8F3C71E70771B009D36D2 /* top.json in Resources */ = {isa = PBXBuildFile; fileRef = 41A8F3C01E70771B009D36D2 /* top.json */; };
		41A8F3C91E70791B009D36D2 /* workspace.xml.mtt in Resources */ = {isa = PBXBuildFile; fileRef = 41A8F3C81E70791B009D36D2 /* workspace.xml.mtt */; };
		41A8F3CB1E70B705009D36D2 /* function.json in Resources */ = {isa = PBXBuildFile; fileRef = 41A8F3CA1E70B705009D36D2 /* function.json */; };
		41AD2B941E9F88C9006B878B /* OrbcodeCompiler.framework in Frameworks */ = {isa = PBXBuildFile; fileRef = 41AD2B8E1E9F840C006B878B /* OrbcodeCompiler.framework */; };
		41BB0EFC1E9BF8F4008DD21F /* MutatorAnchorPointerLayout.swift in Sources */ = {isa = PBXBuildFile; fileRef = 41BB0EFB1E9BF8F4008DD21F /* MutatorAnchorPointerLayout.swift */; };
		41F337941E7479D9007B53AE /* MutatorAnchorPointer.swift in Sources */ = {isa = PBXBuildFile; fileRef = 41F337931E7479D9007B53AE /* MutatorAnchorPointer.swift */; };
/* End PBXBuildFile section */

/* Begin PBXContainerItemProxy section */
		414074BA1EA6BFA7001EDA50 /* PBXContainerItemProxy */ = {
			isa = PBXContainerItemProxy;
			containerPortal = 41AD2B821E9F840C006B878B /* OrbcodeCompiler.xcodeproj */;
			proxyType = 1;
			remoteGlobalIDString = 41AD2B6C1E9F7CD1006B878B;
			remoteInfo = OrbcodeCompiler;
		};
		4149C8291F10032C00AB3107 /* PBXContainerItemProxy */ = {
			isa = PBXContainerItemProxy;
			containerPortal = 41A72C051E5F8BD600B500E3 /* Blockly.xcodeproj */;
			proxyType = 2;
			remoteGlobalIDString = FA548C051B630BAC008BC59C;
			remoteInfo = Blockly;
		};
		4149C82B1F10032C00AB3107 /* PBXContainerItemProxy */ = {
			isa = PBXContainerItemProxy;
			containerPortal = 41A72C051E5F8BD600B500E3 /* Blockly.xcodeproj */;
			proxyType = 2;
			remoteGlobalIDString = FA548C101B630BAD008BC59C;
			remoteInfo = BlocklyTests;
		};
		41AD2B8D1E9F840C006B878B /* PBXContainerItemProxy */ = {
			isa = PBXContainerItemProxy;
			containerPortal = 41AD2B821E9F840C006B878B /* OrbcodeCompiler.xcodeproj */;
			proxyType = 2;
			remoteGlobalIDString = 41AD2B6D1E9F7CD1006B878B;
			remoteInfo = OrbcodeCompiler;
		};
		41BF89041F1003B0001C62AB /* PBXContainerItemProxy */ = {
			isa = PBXContainerItemProxy;
			containerPortal = 41A72C0E1E5F8BF200B500E3 /* AEXML.xcodeproj */;
			proxyType = 2;
			remoteGlobalIDString = 8B4A92791BDD47210011F36F;
			remoteInfo = "AEXML iOS";
		};
		41BF89061F1003B0001C62AB /* PBXContainerItemProxy */ = {
			isa = PBXContainerItemProxy;
			containerPortal = 41A72C0E1E5F8BF200B500E3 /* AEXML.xcodeproj */;
			proxyType = 2;
			remoteGlobalIDString = 8B4A92DF1BDD5D330011F36F;
			remoteInfo = "AEXML watchOS";
		};
		41BF89081F1003B0001C62AB /* PBXContainerItemProxy */ = {
			isa = PBXContainerItemProxy;
			containerPortal = 41A72C0E1E5F8BF200B500E3 /* AEXML.xcodeproj */;
			proxyType = 2;
			remoteGlobalIDString = 8B4A92991BDD4CEF0011F36F;
			remoteInfo = "AEXML iOS Tests";
		};
		41BF890A1F1003B0001C62AB /* PBXContainerItemProxy */ = {
			isa = PBXContainerItemProxy;
			containerPortal = 41A72C0E1E5F8BF200B500E3 /* AEXML.xcodeproj */;
			proxyType = 2;
			remoteGlobalIDString = 8B4A92BE1BDD5B300011F36F;
			remoteInfo = "AEXML tvOS";
		};
		41BF890C1F1003B0001C62AB /* PBXContainerItemProxy */ = {
			isa = PBXContainerItemProxy;
			containerPortal = 41A72C0E1E5F8BF200B500E3 /* AEXML.xcodeproj */;
			proxyType = 2;
			remoteGlobalIDString = 8B4A92CC1BDD5BB20011F36F;
			remoteInfo = "AEXML tvOS Tests";
		};
		41BF890E1F1003B0001C62AB /* PBXContainerItemProxy */ = {
			isa = PBXContainerItemProxy;
			containerPortal = 41A72C0E1E5F8BF200B500E3 /* AEXML.xcodeproj */;
			proxyType = 2;
			remoteGlobalIDString = 8B4A928A1BDD49390011F36F;
			remoteInfo = "AEXML OSX";
		};
		41BF89101F1003B0001C62AB /* PBXContainerItemProxy */ = {
			isa = PBXContainerItemProxy;
			containerPortal = 41A72C0E1E5F8BF200B500E3 /* AEXML.xcodeproj */;
			proxyType = 2;
			remoteGlobalIDString = 8B4A92AB1BDD54F50011F36F;
			remoteInfo = "AEXML OSX Tests";
		};
/* End PBXContainerItemProxy section */

/* Begin PBXCopyFilesBuildPhase section */
		41A72C3C1E5F983900B500E3 /* Embed Frameworks */ = {
			isa = PBXCopyFilesBuildPhase;
			buildActionMask = 2147483647;
			dstPath = "";
			dstSubfolderSpec = 10;
			files = (
				414074B91EA6BFA7001EDA50 /* OrbcodeCompiler.framework in Embed Frameworks */,
			);
			name = "Embed Frameworks";
			runOnlyForDeploymentPostprocessing = 0;
		};
/* End PBXCopyFilesBuildPhase section */

/* Begin PBXFileReference section */
		410AB34E1EA7C96F008935B5 /* MutatorSupablock.swift */ = {isa = PBXFileReference; fileEncoding = 4; lastKnownFileType = sourcecode.swift; name = MutatorSupablock.swift; path = orb/mutators/MutatorSupablock.swift; sourceTree = "<group>"; };
		410AB3571EA7CA03008935B5 /* MutatorSupablockLayout.swift */ = {isa = PBXFileReference; fileEncoding = 4; lastKnownFileType = sourcecode.swift; name = MutatorSupablockLayout.swift; path = orb/layouts/MutatorSupablockLayout.swift; sourceTree = "<group>"; };
		410AB3591EA7CA70008935B5 /* MutatorSupablockView.swift */ = {isa = PBXFileReference; fileEncoding = 4; lastKnownFileType = sourcecode.swift; name = MutatorSupablockView.swift; path = orb/views/MutatorSupablockView.swift; sourceTree = "<group>"; };
		410AB35B1EA8BED1008935B5 /* WorkbenchHelper.swift */ = {isa = PBXFileReference; fileEncoding = 4; lastKnownFileType = sourcecode.swift; path = WorkbenchHelper.swift; sourceTree = "<group>"; };
		411021791E72038200741F23 /* Orbcode-Bridging-Header.h */ = {isa = PBXFileReference; lastKnownFileType = sourcecode.c.h; path = "Orbcode-Bridging-Header.h"; sourceTree = "<group>"; };
		4110217A1E72038200741F23 /* MutatorJumpIndexed.swift */ = {isa = PBXFileReference; fileEncoding = 4; lastKnownFileType = sourcecode.swift; name = MutatorJumpIndexed.swift; path = orb/mutators/MutatorJumpIndexed.swift; sourceTree = "<group>"; };
		4110217C1E72094100741F23 /* MutatorRegisterHelper.swift */ = {isa = PBXFileReference; fileEncoding = 4; lastKnownFileType = sourcecode.swift; name = MutatorRegisterHelper.swift; path = orb/mutators/MutatorRegisterHelper.swift; sourceTree = "<group>"; };
		4110217F1E72230200741F23 /* MutatorJumpIndexedLayout.swift */ = {isa = PBXFileReference; fileEncoding = 4; lastKnownFileType = sourcecode.swift; name = MutatorJumpIndexedLayout.swift; path = orb/layouts/MutatorJumpIndexedLayout.swift; sourceTree = "<group>"; };
		411021821E72388000741F23 /* MutatorJumpIndexedView.swift */ = {isa = PBXFileReference; fileEncoding = 4; lastKnownFileType = sourcecode.swift; name = MutatorJumpIndexedView.swift; path = orb/views/MutatorJumpIndexedView.swift; sourceTree = "<group>"; };
		41267E751E7A6D4B00AA7A21 /* ExternalAccessory.framework */ = {isa = PBXFileReference; lastKnownFileType = wrapper.framework; name = ExternalAccessory.framework; path = System/Library/Frameworks/ExternalAccessory.framework; sourceTree = SDKROOT; };
		41267E7B1E7A6D7600AA7A21 /* CoreBluetooth.framework */ = {isa = PBXFileReference; lastKnownFileType = wrapper.framework; name = CoreBluetooth.framework; path = System/Library/Frameworks/CoreBluetooth.framework; sourceTree = SDKROOT; };
		41267E7D1E7AF00500AA7A21 /* OrbcodeExecutor.h */ = {isa = PBXFileReference; fileEncoding = 4; lastKnownFileType = sourcecode.c.h; path = OrbcodeExecutor.h; sourceTree = "<group>"; };
		41267E7E1E7AF00500AA7A21 /* OrbcodeExecutor.m */ = {isa = PBXFileReference; fileEncoding = 4; lastKnownFileType = sourcecode.c.objc; path = OrbcodeExecutor.m; sourceTree = "<group>"; };
		41267E801E7AF0D500AA7A21 /* RobotUIKit.framework */ = {isa = PBXFileReference; lastKnownFileType = wrapper.framework; path = RobotUIKit.framework; sourceTree = "<group>"; };
		41267E821E7AF55800AA7A21 /* RobotCommandKit.framework */ = {isa = PBXFileReference; lastKnownFileType = wrapper.framework; name = RobotCommandKit.framework; path = RobotKit.framework/Frameworks/RobotCommandKit.framework; sourceTree = "<group>"; };
		41267E831E7AF55800AA7A21 /* RobotKitClassic.framework */ = {isa = PBXFileReference; lastKnownFileType = wrapper.framework; name = RobotKitClassic.framework; path = RobotKit.framework/Frameworks/RobotKitClassic.framework; sourceTree = "<group>"; };
		41267E841E7AF55800AA7A21 /* RobotLanguageKit.framework */ = {isa = PBXFileReference; lastKnownFileType = wrapper.framework; name = RobotLanguageKit.framework; path = RobotKit.framework/Frameworks/RobotLanguageKit.framework; sourceTree = "<group>"; };
		4136C32F1E69014D00806D0D /* FilenameUITextFieldValidator.h */ = {isa = PBXFileReference; fileEncoding = 4; lastKnownFileType = sourcecode.c.h; name = FilenameUITextFieldValidator.h; path = orb/validate/FilenameUITextFieldValidator.h; sourceTree = "<group>"; };
		4136C3301E69014D00806D0D /* FilenameUITextFieldValidator.m */ = {isa = PBXFileReference; fileEncoding = 4; lastKnownFileType = sourcecode.c.objc; name = FilenameUITextFieldValidator.m; path = orb/validate/FilenameUITextFieldValidator.m; sourceTree = "<group>"; };
		4136C3331E69CBA700806D0D /* OrbBlockyWorkbenchController.h */ = {isa = PBXFileReference; fileEncoding = 4; lastKnownFileType = sourcecode.c.h; name = OrbBlockyWorkbenchController.h; path = orb/ctrl/OrbBlockyWorkbenchController.h; sourceTree = "<group>"; };
		4136C3341E69CBA700806D0D /* OrbBlockyWorkbenchController.m */ = {isa = PBXFileReference; fileEncoding = 4; lastKnownFileType = sourcecode.c.objc; name = OrbBlockyWorkbenchController.m; path = orb/ctrl/OrbBlockyWorkbenchController.m; sourceTree = "<group>"; };
		414569161E70DCF80046C516 /* colours.json */ = {isa = PBXFileReference; fileEncoding = 4; lastKnownFileType = text.json; path = colours.json; sourceTree = "<group>"; };
		414843061E73550800E0BDD5 /* Constants.h */ = {isa = PBXFileReference; lastKnownFileType = sourcecode.c.h; name = Constants.h; path = orb/Constants.h; sourceTree = "<group>"; };
		414934001E797FD600A013FB /* OrbInfoViewController.h */ = {isa = PBXFileReference; fileEncoding = 4; lastKnownFileType = sourcecode.c.h; path = OrbInfoViewController.h; sourceTree = "<group>"; };
		414934011E797FD600A013FB /* OrbInfoViewController.m */ = {isa = PBXFileReference; fileEncoding = 4; lastKnownFileType = sourcecode.c.objc; path = OrbInfoViewController.m; sourceTree = "<group>"; };
		4154191D1E67204F00197C69 /* StorageManager.h */ = {isa = PBXFileReference; fileEncoding = 4; lastKnownFileType = sourcecode.c.h; path = StorageManager.h; sourceTree = "<group>"; };
		4154191E1E67204F00197C69 /* StorageManager.m */ = {isa = PBXFileReference; fileEncoding = 4; lastKnownFileType = sourcecode.c.objc; path = StorageManager.m; sourceTree = "<group>"; };
		415419201E67766800197C69 /* NSError+OrbError.h */ = {isa = PBXFileReference; fileEncoding = 4; lastKnownFileType = sourcecode.c.h; name = "NSError+OrbError.h"; path = "orb/NSError+OrbError.h"; sourceTree = "<group>"; };
		415419211E67766800197C69 /* NSError+OrbError.m */ = {isa = PBXFileReference; fileEncoding = 4; lastKnownFileType = sourcecode.c.objc; name = "NSError+OrbError.m"; path = "orb/NSError+OrbError.m"; sourceTree = "<group>"; };
		4169A8601E7883CA006E2AE3 /* BTViewController.h */ = {isa = PBXFileReference; fileEncoding = 4; lastKnownFileType = sourcecode.c.h; path = BTViewController.h; sourceTree = "<group>"; };
		4169A8611E7883CA006E2AE3 /* BTViewController.m */ = {isa = PBXFileReference; fileEncoding = 4; lastKnownFileType = sourcecode.c.objc; path = BTViewController.m; sourceTree = "<group>"; };
		4169A8641E7897F5006E2AE3 /* BluetoothDevice.h */ = {isa = PBXFileReference; lastKnownFileType = sourcecode.c.h; name = BluetoothDevice.h; path = Privates/BluetoothDevice.h; sourceTree = "<group>"; };
		4169A8651E789835006E2AE3 /* BluetoothManager.h */ = {isa = PBXFileReference; lastKnownFileType = sourcecode.c.h; name = BluetoothManager.h; path = Privates/BluetoothManager.h; sourceTree = "<group>"; };
		4169A8661E789883006E2AE3 /* RemoteDeviceManager.h */ = {isa = PBXFileReference; lastKnownFileType = sourcecode.c.h; name = RemoteDeviceManager.h; path = Privates/RemoteDeviceManager.h; sourceTree = "<group>"; };
		4169A8671E7899F2006E2AE3 /* BluetoothAudioJack.h */ = {isa = PBXFileReference; lastKnownFileType = sourcecode.c.h; name = BluetoothAudioJack.h; path = Privates/BluetoothAudioJack.h; sourceTree = "<group>"; };
		4169A8681E7899F2006E2AE3 /* CDStructures.h */ = {isa = PBXFileReference; lastKnownFileType = sourcecode.c.h; name = CDStructures.h; path = Privates/CDStructures.h; sourceTree = "<group>"; };
		4192B6601EA4DC700040E165 /* MutatorBatchDataRead.swift */ = {isa = PBXFileReference; fileEncoding = 4; lastKnownFileType = sourcecode.swift; name = MutatorBatchDataRead.swift; path = orb/mutators/MutatorBatchDataRead.swift; sourceTree = "<group>"; };
		4192B66A1EA4DC8B0040E165 /* MutatorBatchDataWrite.swift */ = {isa = PBXFileReference; fileEncoding = 4; lastKnownFileType = sourcecode.swift; name = MutatorBatchDataWrite.swift; path = orb/mutators/MutatorBatchDataWrite.swift; sourceTree = "<group>"; };
		4192B66C1EA4DE680040E165 /* MutatorBatchDataReadLayout.swift */ = {isa = PBXFileReference; fileEncoding = 4; lastKnownFileType = sourcecode.swift; name = MutatorBatchDataReadLayout.swift; path = orb/layouts/MutatorBatchDataReadLayout.swift; sourceTree = "<group>"; };
		4192B66E1EA4DE830040E165 /* MutatorBatchDataWriteLayout.swift */ = {isa = PBXFileReference; fileEncoding = 4; lastKnownFileType = sourcecode.swift; name = MutatorBatchDataWriteLayout.swift; path = orb/layouts/MutatorBatchDataWriteLayout.swift; sourceTree = "<group>"; };
		41993B4B1E775B8F00D1082D /* math.json */ = {isa = PBXFileReference; fileEncoding = 4; lastKnownFileType = text.json; path = math.json; sourceTree = "<group>"; };
		419AF8321E7A6B1100EC5F4A /* RobotKit.framework */ = {isa = PBXFileReference; lastKnownFileType = wrapper.framework; path = RobotKit.framework; sourceTree = "<group>"; };
		419D1B371E781AC00057E24B /* loops.json */ = {isa = PBXFileReference; fileEncoding = 4; lastKnownFileType = text.json; path = loops.json; sourceTree = "<group>"; };
		41A72BE81E5F8BBE00B500E3 /* Orbcode.app */ = {isa = PBXFileReference; explicitFileType = wrapper.application; includeInIndex = 0; path = Orbcode.app; sourceTree = BUILT_PRODUCTS_DIR; };
		41A72BEC1E5F8BBE00B500E3 /* main.m */ = {isa = PBXFileReference; lastKnownFileType = sourcecode.c.objc; path = main.m; sourceTree = "<group>"; };
		41A72BEE1E5F8BBE00B500E3 /* AppDelegate.h */ = {isa = PBXFileReference; lastKnownFileType = sourcecode.c.h; path = AppDelegate.h; sourceTree = "<group>"; };
		41A72BEF1E5F8BBE00B500E3 /* AppDelegate.m */ = {isa = PBXFileReference; lastKnownFileType = sourcecode.c.objc; path = AppDelegate.m; sourceTree = "<group>"; };
		41A72BF11E5F8BBE00B500E3 /* ExplorerViewController.h */ = {isa = PBXFileReference; lastKnownFileType = sourcecode.c.h; path = ExplorerViewController.h; sourceTree = "<group>"; };
		41A72BF21E5F8BBE00B500E3 /* ExplorerViewController.m */ = {isa = PBXFileReference; lastKnownFileType = sourcecode.c.objc; path = ExplorerViewController.m; sourceTree = "<group>"; };
		41A72BF41E5F8BBE00B500E3 /* OrbEditorViewController.h */ = {isa = PBXFileReference; lastKnownFileType = sourcecode.c.h; path = OrbEditorViewController.h; sourceTree = "<group>"; };
		41A72BF51E5F8BBE00B500E3 /* OrbEditorViewController.m */ = {isa = PBXFileReference; lastKnownFileType = sourcecode.c.objc; path = OrbEditorViewController.m; sourceTree = "<group>"; };
		41A72BF81E5F8BBE00B500E3 /* Base */ = {isa = PBXFileReference; lastKnownFileType = file.storyboard; name = Base; path = Base.lproj/Main.storyboard; sourceTree = "<group>"; };
		41A72BFA1E5F8BBE00B500E3 /* Assets.xcassets */ = {isa = PBXFileReference; lastKnownFileType = folder.assetcatalog; path = Assets.xcassets; sourceTree = "<group>"; };
		41A72BFD1E5F8BBE00B500E3 /* Base */ = {isa = PBXFileReference; lastKnownFileType = file.storyboard; name = Base; path = Base.lproj/LaunchScreen.storyboard; sourceTree = "<group>"; };
		41A72BFF1E5F8BBE00B500E3 /* Info.plist */ = {isa = PBXFileReference; lastKnownFileType = text.plist.xml; path = Info.plist; sourceTree = "<group>"; };
		41A72C051E5F8BD600B500E3 /* Blockly.xcodeproj */ = {isa = PBXFileReference; lastKnownFileType = "wrapper.pb-project"; name = Blockly.xcodeproj; path = ../Blockly/Blockly.xcodeproj; sourceTree = "<group>"; };
		41A72C0E1E5F8BF200B500E3 /* AEXML.xcodeproj */ = {isa = PBXFileReference; lastKnownFileType = "wrapper.pb-project"; name = AEXML.xcodeproj; path = ../Blockly/third_party/Carthage/Checkouts/AEXML/AEXML.xcodeproj; sourceTree = "<group>"; };
		41A72C451E604CA500B500E3 /* Blockly.xcassets */ = {isa = PBXFileReference; lastKnownFileType = folder.assetcatalog; name = Blockly.xcassets; path = ../Blockly/Resources/Blockly.xcassets; sourceTree = "<group>"; };
		41A72C4F1E64363000B500E3 /* Models.h */ = {isa = PBXFileReference; lastKnownFileType = sourcecode.c.h; path = Models.h; sourceTree = "<group>"; };
		41A72C511E64396E00B500E3 /* Models.m */ = {isa = PBXFileReference; fileEncoding = 4; lastKnownFileType = sourcecode.c.objc; path = Models.m; sourceTree = "<group>"; };
		41A8F3BA1E70771B009D36D2 /* accessors.json */ = {isa = PBXFileReference; fileEncoding = 4; lastKnownFileType = text.json; path = accessors.json; sourceTree = "<group>"; };
		41A8F3BB1E70771B009D36D2 /* branch.json */ = {isa = PBXFileReference; fileEncoding = 4; lastKnownFileType = text.json; path = branch.json; sourceTree = "<group>"; };
		41A8F3BD1E70771B009D36D2 /* logic.json */ = {isa = PBXFileReference; fileEncoding = 4; lastKnownFileType = text.json; path = logic.json; sourceTree = "<group>"; };
		41A8F3BE1E70771B009D36D2 /* logic.override.json */ = {isa = PBXFileReference; fileEncoding = 4; lastKnownFileType = text.json; path = logic.override.json; sourceTree = "<group>"; };
		41A8F3BF1E70771B009D36D2 /* toolbox.xml */ = {isa = PBXFileReference; fileEncoding = 4; lastKnownFileType = text.xml; path = toolbox.xml; sourceTree = "<group>"; };
		41A8F3C01E70771B009D36D2 /* top.json */ = {isa = PBXFileReference; fileEncoding = 4; lastKnownFileType = text.json; path = top.json; sourceTree = "<group>"; };
		41A8F3C81E70791B009D36D2 /* workspace.xml.mtt */ = {isa = PBXFileReference; fileEncoding = 4; lastKnownFileType = text.xml; path = workspace.xml.mtt; sourceTree = "<group>"; };
		41A8F3CA1E70B705009D36D2 /* function.json */ = {isa = PBXFileReference; fileEncoding = 4; lastKnownFileType = text.json; path = function.json; sourceTree = "<group>"; };
		41AD2B821E9F840C006B878B /* OrbcodeCompiler.xcodeproj */ = {isa = PBXFileReference; lastKnownFileType = "wrapper.pb-project"; name = OrbcodeCompiler.xcodeproj; path = ../OrbcodeCompiler/OrbcodeCompiler.xcodeproj; sourceTree = "<group>"; };
		41BB0EFB1E9BF8F4008DD21F /* MutatorAnchorPointerLayout.swift */ = {isa = PBXFileReference; fileEncoding = 4; lastKnownFileType = sourcecode.swift; name = MutatorAnchorPointerLayout.swift; path = orb/layouts/MutatorAnchorPointerLayout.swift; sourceTree = "<group>"; };
		41F337931E7479D9007B53AE /* MutatorAnchorPointer.swift */ = {isa = PBXFileReference; fileEncoding = 4; lastKnownFileType = sourcecode.swift; name = MutatorAnchorPointer.swift; path = orb/mutators/MutatorAnchorPointer.swift; sourceTree = "<group>"; };
		41F337951E748052007B53AE /* WorkbenchAnchorListener.swift */ = {isa = PBXFileReference; fileEncoding = 4; lastKnownFileType = sourcecode.swift; name = WorkbenchAnchorListener.swift; path = orb/WorkbenchAnchorListener.swift; sourceTree = "<group>"; };
/* End PBXFileReference section */

/* Begin PBXFrameworksBuildPhase section */
		41A72BE51E5F8BBE00B500E3 /* Frameworks */ = {
			isa = PBXFrameworksBuildPhase;
			buildActionMask = 2147483647;
			files = (
				41AD2B941E9F88C9006B878B /* OrbcodeCompiler.framework in Frameworks */,
				41267E7C1E7A6D7600AA7A21 /* CoreBluetooth.framework in Frameworks */,
				41267E761E7A6D4B00AA7A21 /* ExternalAccessory.framework in Frameworks */,
				419AF8331E7A6B1100EC5F4A /* RobotKit.framework in Frameworks */,
				41267E811E7AF0D500AA7A21 /* RobotUIKit.framework in Frameworks */,
			);
			runOnlyForDeploymentPostprocessing = 0;
		};
/* End PBXFrameworksBuildPhase section */

/* Begin PBXGroup section */
		4110216E1E71F26900741F23 /* mutators */ = {
			isa = PBXGroup;
			children = (
				4110217C1E72094100741F23 /* MutatorRegisterHelper.swift */,
				4192B6601EA4DC700040E165 /* MutatorBatchDataRead.swift */,
				4192B66A1EA4DC8B0040E165 /* MutatorBatchDataWrite.swift */,
				4110217A1E72038200741F23 /* MutatorJumpIndexed.swift */,
				410AB34E1EA7C96F008935B5 /* MutatorSupablock.swift */,
				41F337931E7479D9007B53AE /* MutatorAnchorPointer.swift */,
			);
			name = mutators;
			sourceTree = "<group>";
		};
		4110217E1E7222D200741F23 /* layouts */ = {
			isa = PBXGroup;
			children = (
				4110217F1E72230200741F23 /* MutatorJumpIndexedLayout.swift */,
				4192B66C1EA4DE680040E165 /* MutatorBatchDataReadLayout.swift */,
				4192B66E1EA4DE830040E165 /* MutatorBatchDataWriteLayout.swift */,
				410AB3571EA7CA03008935B5 /* MutatorSupablockLayout.swift */,
				41BB0EFB1E9BF8F4008DD21F /* MutatorAnchorPointerLayout.swift */,
			);
			name = layouts;
			sourceTree = "<group>";
		};
		411021811E72386000741F23 /* views */ = {
			isa = PBXGroup;
			children = (
				411021821E72388000741F23 /* MutatorJumpIndexedView.swift */,
				410AB3591EA7CA70008935B5 /* MutatorSupablockView.swift */,
			);
			name = views;
			sourceTree = "<group>";
		};
		4136C3201E68993900806D0D /* Frameworks */ = {
			isa = PBXGroup;
			children = (
				41267E821E7AF55800AA7A21 /* RobotCommandKit.framework */,
				41267E831E7AF55800AA7A21 /* RobotKitClassic.framework */,
				41267E841E7AF55800AA7A21 /* RobotLanguageKit.framework */,
				41267E7B1E7A6D7600AA7A21 /* CoreBluetooth.framework */,
				41267E751E7A6D4B00AA7A21 /* ExternalAccessory.framework */,
				419AF8321E7A6B1100EC5F4A /* RobotKit.framework */,
				41267E801E7AF0D500AA7A21 /* RobotUIKit.framework */,
			);
			name = Frameworks;
			sourceTree = "<group>";
		};
		4136C3321E69017500806D0D /* orb */ = {
			isa = PBXGroup;
			children = (
				411021791E72038200741F23 /* Orbcode-Bridging-Header.h */,
				414843061E73550800E0BDD5 /* Constants.h */,
				410AB35B1EA8BED1008935B5 /* WorkbenchHelper.swift */,
				414074AF1EA69A96001EDA50 /* listeners */,
				4136C3371E69CBC700806D0D /* validate */,
				4110216E1E71F26900741F23 /* mutators */,
				4110217E1E7222D200741F23 /* layouts */,
				411021811E72386000741F23 /* views */,
				41A72C4F1E64363000B500E3 /* Models.h */,
				41A72C511E64396E00B500E3 /* Models.m */,
				4136C3331E69CBA700806D0D /* OrbBlockyWorkbenchController.h */,
				4136C3341E69CBA700806D0D /* OrbBlockyWorkbenchController.m */,
				415419201E67766800197C69 /* NSError+OrbError.h */,
				415419211E67766800197C69 /* NSError+OrbError.m */,
			);
			name = orb;
			sourceTree = "<group>";
		};
		4136C3371E69CBC700806D0D /* validate */ = {
			isa = PBXGroup;
			children = (
				4136C32F1E69014D00806D0D /* FilenameUITextFieldValidator.h */,
				4136C3301E69014D00806D0D /* FilenameUITextFieldValidator.m */,
			);
			name = validate;
			sourceTree = "<group>";
		};
		414074AF1EA69A96001EDA50 /* listeners */ = {
			isa = PBXGroup;
			children = (
				41F337951E748052007B53AE /* WorkbenchAnchorListener.swift */,
			);
			name = listeners;
			sourceTree = "<group>";
		};
		4149C8251F10032C00AB3107 /* Products */ = {
			isa = PBXGroup;
			children = (
				4149C82A1F10032C00AB3107 /* Blockly.framework */,
				4149C82C1F10032C00AB3107 /* BlocklyTests.xctest */,
			);
			name = Products;
			sourceTree = "<group>";
		};
		4169A8631E789799006E2AE3 /* Privates */ = {
			isa = PBXGroup;
			children = (
				4169A8641E7897F5006E2AE3 /* BluetoothDevice.h */,
				4169A8661E789883006E2AE3 /* RemoteDeviceManager.h */,
				4169A8651E789835006E2AE3 /* BluetoothManager.h */,
				4169A8671E7899F2006E2AE3 /* BluetoothAudioJack.h */,
				4169A8681E7899F2006E2AE3 /* CDStructures.h */,
			);
			name = Privates;
			sourceTree = "<group>";
		};
		41A72BDF1E5F8BBE00B500E3 = {
			isa = PBXGroup;
			children = (
				4169A8631E789799006E2AE3 /* Privates */,
				41A72C451E604CA500B500E3 /* Blockly.xcassets */,
				41AD2B821E9F840C006B878B /* OrbcodeCompiler.xcodeproj */,
				41A72C0E1E5F8BF200B500E3 /* AEXML.xcodeproj */,
				41A72C051E5F8BD600B500E3 /* Blockly.xcodeproj */,
				41A72BEA1E5F8BBE00B500E3 /* Orbcode */,
				41A72BE91E5F8BBE00B500E3 /* Products */,
				4136C3201E68993900806D0D /* Frameworks */,
			);
			sourceTree = "<group>";
		};
		41A72BE91E5F8BBE00B500E3 /* Products */ = {
			isa = PBXGroup;
			children = (
				41A72BE81E5F8BBE00B500E3 /* Orbcode.app */,
			);
			name = Products;
			sourceTree = "<group>";
		};
		41A72BEA1E5F8BBE00B500E3 /* Orbcode */ = {
			isa = PBXGroup;
			children = (
				41A72BF11E5F8BBE00B500E3 /* ExplorerViewController.h */,
				41A72BF21E5F8BBE00B500E3 /* ExplorerViewController.m */,
				4169A8601E7883CA006E2AE3 /* BTViewController.h */,
				4169A8611E7883CA006E2AE3 /* BTViewController.m */,
				414934001E797FD600A013FB /* OrbInfoViewController.h */,
				414934011E797FD600A013FB /* OrbInfoViewController.m */,
				41267E7D1E7AF00500AA7A21 /* OrbcodeExecutor.h */,
				41267E7E1E7AF00500AA7A21 /* OrbcodeExecutor.m */,
				41A72BF41E5F8BBE00B500E3 /* OrbEditorViewController.h */,
				41A72BF51E5F8BBE00B500E3 /* OrbEditorViewController.m */,
				4154191D1E67204F00197C69 /* StorageManager.h */,
				4154191E1E67204F00197C69 /* StorageManager.m */,
				41A8F3B91E70771B009D36D2 /* api */,
				4136C3321E69017500806D0D /* orb */,
				41A72BEE1E5F8BBE00B500E3 /* AppDelegate.h */,
				41A72BEF1E5F8BBE00B500E3 /* AppDelegate.m */,
				41A72BF71E5F8BBE00B500E3 /* Main.storyboard */,
				41A72BFC1E5F8BBE00B500E3 /* LaunchScreen.storyboard */,
				41A72BFA1E5F8BBE00B500E3 /* Assets.xcassets */,
				41A72BFF1E5F8BBE00B500E3 /* Info.plist */,
				41A72BEB1E5F8BBE00B500E3 /* Supporting Files */,
			);
			path = Orbcode;
			sourceTree = "<group>";
		};
		41A72BEB1E5F8BBE00B500E3 /* Supporting Files */ = {
			isa = PBXGroup;
			children = (
				41A72BEC1E5F8BBE00B500E3 /* main.m */,
			);
			name = "Supporting Files";
			sourceTree = "<group>";
		};
		41A8F3B91E70771B009D36D2 /* api */ = {
			isa = PBXGroup;
			children = (
				41A8F3C01E70771B009D36D2 /* top.json */,
				41993B4B1E775B8F00D1082D /* math.json */,
				419D1B371E781AC00057E24B /* loops.json */,
				41A8F3BD1E70771B009D36D2 /* logic.json */,
				41A8F3BB1E70771B009D36D2 /* branch.json */,
				414569161E70DCF80046C516 /* colours.json */,
				41A8F3CA1E70B705009D36D2 /* function.json */,
				41A8F3BA1E70771B009D36D2 /* accessors.json */,
				41A8F3BE1E70771B009D36D2 /* logic.override.json */,
				41A8F3BF1E70771B009D36D2 /* toolbox.xml */,
				41A8F3C81E70791B009D36D2 /* workspace.xml.mtt */,
			);
			path = api;
			sourceTree = "<group>";
		};
		41AD2B831E9F840C006B878B /* Products */ = {
			isa = PBXGroup;
			children = (
				41AD2B8E1E9F840C006B878B /* OrbcodeCompiler.framework */,
			);
			name = Products;
			sourceTree = "<group>";
		};
		41BF88FB1F1003B0001C62AB /* Products */ = {
			isa = PBXGroup;
			children = (
				41BF89051F1003B0001C62AB /* AEXML.framework */,
				41BF89071F1003B0001C62AB /* AEXML.framework */,
				41BF89091F1003B0001C62AB /* AEXML iOS Tests.xctest */,
				41BF890B1F1003B0001C62AB /* AEXML.framework */,
				41BF890D1F1003B0001C62AB /* AEXML tvOS Tests.xctest */,
				41BF890F1F1003B0001C62AB /* AEXML.framework */,
				41BF89111F1003B0001C62AB /* AEXML OSX Tests.xctest */,
			);
			name = Products;
			sourceTree = "<group>";
		};
/* End PBXGroup section */

/* Begin PBXNativeTarget section */
		41A72BE71E5F8BBE00B500E3 /* Orbcode */ = {
			isa = PBXNativeTarget;
			buildConfigurationList = 41A72C021E5F8BBE00B500E3 /* Build configuration list for PBXNativeTarget "Orbcode" */;
			buildPhases = (
				41A72BE41E5F8BBE00B500E3 /* Sources */,
				41A72BE51E5F8BBE00B500E3 /* Frameworks */,
				41A72BE61E5F8BBE00B500E3 /* Resources */,
				41A72C3C1E5F983900B500E3 /* Embed Frameworks */,
			);
			buildRules = (
			);
			dependencies = (
				414074BB1EA6BFA7001EDA50 /* PBXTargetDependency */,
			);
			name = Orbcode;
			productName = Orbcode;
			productReference = 41A72BE81E5F8BBE00B500E3 /* Orbcode.app */;
			productType = "com.apple.product-type.application";
		};
/* End PBXNativeTarget section */

/* Begin PBXProject section */
		41A72BE01E5F8BBE00B500E3 /* Project object */ = {
			isa = PBXProject;
			attributes = {
				LastUpgradeCheck = 0820;
				ORGANIZATIONNAME = FZZR;
				TargetAttributes = {
					41A72BE71E5F8BBE00B500E3 = {
						CreatedOnToolsVersion = 8.2.1;
						LastSwiftMigration = 0820;
						ProvisioningStyle = Automatic;
						SystemCapabilities = {
							com.apple.BackgroundModes = {
								enabled = 1;
							};
						};
					};
				};
			};
			buildConfigurationList = 41A72BE31E5F8BBE00B500E3 /* Build configuration list for PBXProject "Orbcode" */;
			compatibilityVersion = "Xcode 8.0";
			developmentRegion = English;
			hasScannedForEncodings = 0;
			knownRegions = (
				en,
				Base,
			);
			mainGroup = 41A72BDF1E5F8BBE00B500E3;
			productRefGroup = 41A72BE91E5F8BBE00B500E3 /* Products */;
			projectDirPath = "";
			projectReferences = (
				{
					ProductGroup = 41BF88FB1F1003B0001C62AB /* Products */;
					ProjectRef = 41A72C0E1E5F8BF200B500E3 /* AEXML.xcodeproj */;
				},
				{
					ProductGroup = 4149C8251F10032C00AB3107 /* Products */;
					ProjectRef = 41A72C051E5F8BD600B500E3 /* Blockly.xcodeproj */;
				},
				{
					ProductGroup = 41AD2B831E9F840C006B878B /* Products */;
					ProjectRef = 41AD2B821E9F840C006B878B /* OrbcodeCompiler.xcodeproj */;
				},
			);
			projectRoot = "";
			targets = (
				41A72BE71E5F8BBE00B500E3 /* Orbcode */,
			);
		};
/* End PBXProject section */

/* Begin PBXReferenceProxy section */
		4149C82A1F10032C00AB3107 /* Blockly.framework */ = {
			isa = PBXReferenceProxy;
			fileType = wrapper.framework;
			path = Blockly.framework;
			remoteRef = 4149C8291F10032C00AB3107 /* PBXContainerItemProxy */;
			sourceTree = BUILT_PRODUCTS_DIR;
		};
		4149C82C1F10032C00AB3107 /* BlocklyTests.xctest */ = {
			isa = PBXReferenceProxy;
			fileType = wrapper.cfbundle;
			path = BlocklyTests.xctest;
			remoteRef = 4149C82B1F10032C00AB3107 /* PBXContainerItemProxy */;
			sourceTree = BUILT_PRODUCTS_DIR;
		};
		41AD2B8E1E9F840C006B878B /* OrbcodeCompiler.framework */ = {
			isa = PBXReferenceProxy;
			fileType = wrapper.framework;
			path = OrbcodeCompiler.framework;
			remoteRef = 41AD2B8D1E9F840C006B878B /* PBXContainerItemProxy */;
			sourceTree = BUILT_PRODUCTS_DIR;
		};
		41BF89051F1003B0001C62AB /* AEXML.framework */ = {
			isa = PBXReferenceProxy;
			fileType = wrapper.framework;
			path = AEXML.framework;
			remoteRef = 41BF89041F1003B0001C62AB /* PBXContainerItemProxy */;
			sourceTree = BUILT_PRODUCTS_DIR;
		};
		41BF89071F1003B0001C62AB /* AEXML.framework */ = {
			isa = PBXReferenceProxy;
			fileType = wrapper.framework;
			path = AEXML.framework;
			remoteRef = 41BF89061F1003B0001C62AB /* PBXContainerItemProxy */;
			sourceTree = BUILT_PRODUCTS_DIR;
		};
		41BF89091F1003B0001C62AB /* AEXML iOS Tests.xctest */ = {
			isa = PBXReferenceProxy;
			fileType = wrapper.cfbundle;
			path = "AEXML iOS Tests.xctest";
			remoteRef = 41BF89081F1003B0001C62AB /* PBXContainerItemProxy */;
			sourceTree = BUILT_PRODUCTS_DIR;
		};
		41BF890B1F1003B0001C62AB /* AEXML.framework */ = {
			isa = PBXReferenceProxy;
			fileType = wrapper.framework;
			path = AEXML.framework;
			remoteRef = 41BF890A1F1003B0001C62AB /* PBXContainerItemProxy */;
			sourceTree = BUILT_PRODUCTS_DIR;
		};
		41BF890D1F1003B0001C62AB /* AEXML tvOS Tests.xctest */ = {
			isa = PBXReferenceProxy;
			fileType = wrapper.cfbundle;
			path = "AEXML tvOS Tests.xctest";
			remoteRef = 41BF890C1F1003B0001C62AB /* PBXContainerItemProxy */;
			sourceTree = BUILT_PRODUCTS_DIR;
		};
		41BF890F1F1003B0001C62AB /* AEXML.framework */ = {
			isa = PBXReferenceProxy;
			fileType = wrapper.framework;
			path = AEXML.framework;
			remoteRef = 41BF890E1F1003B0001C62AB /* PBXContainerItemProxy */;
			sourceTree = BUILT_PRODUCTS_DIR;
		};
		41BF89111F1003B0001C62AB /* AEXML OSX Tests.xctest */ = {
			isa = PBXReferenceProxy;
			fileType = wrapper.cfbundle;
			path = "AEXML OSX Tests.xctest";
			remoteRef = 41BF89101F1003B0001C62AB /* PBXContainerItemProxy */;
			sourceTree = BUILT_PRODUCTS_DIR;
		};
/* End PBXReferenceProxy section */

/* Begin PBXResourcesBuildPhase section */
		41A72BE61E5F8BBE00B500E3 /* Resources */ = {
			isa = PBXResourcesBuildPhase;
			buildActionMask = 2147483647;
			files = (
				414569171E70DCF80046C516 /* colours.json in Resources */,
				41A8F3C41E70771B009D36D2 /* logic.json in Resources */,
				41A8F3C11E70771B009D36D2 /* accessors.json in Resources */,
				41A72C461E604CA500B500E3 /* Blockly.xcassets in Resources */,
				41A8F3C71E70771B009D36D2 /* top.json in Resources */,
				41A72BFE1E5F8BBE00B500E3 /* LaunchScreen.storyboard in Resources */,
				41A8F3C61E70771B009D36D2 /* toolbox.xml in Resources */,
				419D1B381E781AC00057E24B /* loops.json in Resources */,
				41993B4C1E775B8F00D1082D /* math.json in Resources */,
				41A8F3C21E70771B009D36D2 /* branch.json in Resources */,
				41A8F3CB1E70B705009D36D2 /* function.json in Resources */,
				41A8F3C91E70791B009D36D2 /* workspace.xml.mtt in Resources */,
				41A72BFB1E5F8BBE00B500E3 /* Assets.xcassets in Resources */,
				41A72BF91E5F8BBE00B500E3 /* Main.storyboard in Resources */,
				41A8F3C51E70771B009D36D2 /* logic.override.json in Resources */,
			);
			runOnlyForDeploymentPostprocessing = 0;
		};
/* End PBXResourcesBuildPhase section */

/* Begin PBXSourcesBuildPhase section */
		41A72BE41E5F8BBE00B500E3 /* Sources */ = {
			isa = PBXSourcesBuildPhase;
			buildActionMask = 2147483647;
			files = (
				4192B66B1EA4DC8B0040E165 /* MutatorBatchDataWrite.swift in Sources */,
				415419221E67766800197C69 /* NSError+OrbError.m in Sources */,
				410AB3581EA7CA03008935B5 /* MutatorSupablockLayout.swift in Sources */,
				41A72BF01E5F8BBE00B500E3 /* AppDelegate.m in Sources */,
				41BB0EFC1E9BF8F4008DD21F /* MutatorAnchorPointerLayout.swift in Sources */,
				414934021E797FD600A013FB /* OrbInfoViewController.m in Sources */,
				4192B66F1EA4DE830040E165 /* MutatorBatchDataWriteLayout.swift in Sources */,
				4110217B1E72038200741F23 /* MutatorJumpIndexed.swift in Sources */,
				4154191F1E67204F00197C69 /* StorageManager.m in Sources */,
				41267E7F1E7AF00500AA7A21 /* OrbcodeExecutor.m in Sources */,
				410AB35C1EA8BED1008935B5 /* WorkbenchHelper.swift in Sources */,
				41A72BF31E5F8BBE00B500E3 /* ExplorerViewController.m in Sources */,
				41F337941E7479D9007B53AE /* MutatorAnchorPointer.swift in Sources */,
				4136C3351E69CBA700806D0D /* OrbBlockyWorkbenchController.m in Sources */,
				4110217D1E72094100741F23 /* MutatorRegisterHelper.swift in Sources */,
				41A72C521E64396E00B500E3 /* Models.m in Sources */,
				41A72BED1E5F8BBE00B500E3 /* main.m in Sources */,
				4169A8621E7883CA006E2AE3 /* BTViewController.m in Sources */,
				4136C3311E69014D00806D0D /* FilenameUITextFieldValidator.m in Sources */,
				410AB34F1EA7C96F008935B5 /* MutatorSupablock.swift in Sources */,
				4111B7361EA2A9D900C8D2B2 /* WorkbenchAnchorListener.swift in Sources */,
				4192B66D1EA4DE680040E165 /* MutatorBatchDataReadLayout.swift in Sources */,
				411021831E72388000741F23 /* MutatorJumpIndexedView.swift in Sources */,
				410AB35A1EA7CA70008935B5 /* MutatorSupablockView.swift in Sources */,
				4192B6611EA4DC700040E165 /* MutatorBatchDataRead.swift in Sources */,
				41A72BF61E5F8BBE00B500E3 /* OrbEditorViewController.m in Sources */,
				411021801E72230200741F23 /* MutatorJumpIndexedLayout.swift in Sources */,
			);
			runOnlyForDeploymentPostprocessing = 0;
		};
/* End PBXSourcesBuildPhase section */

/* Begin PBXTargetDependency section */
		414074BB1EA6BFA7001EDA50 /* PBXTargetDependency */ = {
			isa = PBXTargetDependency;
			name = OrbcodeCompiler;
			targetProxy = 414074BA1EA6BFA7001EDA50 /* PBXContainerItemProxy */;
		};
/* End PBXTargetDependency section */

/* Begin PBXVariantGroup section */
		41A72BF71E5F8BBE00B500E3 /* Main.storyboard */ = {
			isa = PBXVariantGroup;
			children = (
				41A72BF81E5F8BBE00B500E3 /* Base */,
			);
			name = Main.storyboard;
			sourceTree = "<group>";
		};
		41A72BFC1E5F8BBE00B500E3 /* LaunchScreen.storyboard */ = {
			isa = PBXVariantGroup;
			children = (
				41A72BFD1E5F8BBE00B500E3 /* Base */,
			);
			name = LaunchScreen.storyboard;
			sourceTree = "<group>";
		};
/* End PBXVariantGroup section */

/* Begin XCBuildConfiguration section */
		41A72C001E5F8BBE00B500E3 /* Debug */ = {
			isa = XCBuildConfiguration;
			buildSettings = {
				ALWAYS_SEARCH_USER_PATHS = NO;
				CLANG_ANALYZER_NONNULL = YES;
				CLANG_CXX_LANGUAGE_STANDARD = "gnu++0x";
				CLANG_CXX_LIBRARY = "libc++";
				CLANG_ENABLE_MODULES = YES;
				CLANG_ENABLE_OBJC_ARC = YES;
				CLANG_WARN_BOOL_CONVERSION = YES;
				CLANG_WARN_CONSTANT_CONVERSION = YES;
				CLANG_WARN_DIRECT_OBJC_ISA_USAGE = YES_ERROR;
				CLANG_WARN_DOCUMENTATION_COMMENTS = YES;
				CLANG_WARN_EMPTY_BODY = YES;
				CLANG_WARN_ENUM_CONVERSION = YES;
				CLANG_WARN_INFINITE_RECURSION = YES;
				CLANG_WARN_INT_CONVERSION = YES;
				CLANG_WARN_OBJC_ROOT_CLASS = YES_ERROR;
				CLANG_WARN_SUSPICIOUS_MOVE = YES;
				CLANG_WARN_UNREACHABLE_CODE = YES;
				CLANG_WARN__DUPLICATE_METHOD_MATCH = YES;
				"CODE_SIGN_IDENTITY[sdk=iphoneos*]" = "iPhone Developer";
				COPY_PHASE_STRIP = NO;
				DEBUG_INFORMATION_FORMAT = dwarf;
				ENABLE_STRICT_OBJC_MSGSEND = YES;
				ENABLE_TESTABILITY = YES;
				GCC_C_LANGUAGE_STANDARD = gnu99;
				GCC_DYNAMIC_NO_PIC = NO;
				GCC_INCREASE_PRECOMPILED_HEADER_SHARING = NO;
				GCC_NO_COMMON_BLOCKS = YES;
				GCC_OPTIMIZATION_LEVEL = 0;
				GCC_PREPROCESSOR_DEFINITIONS = (
					"DEBUG=1",
					"$(inherited)",
				);
				GCC_WARN_64_TO_32_BIT_CONVERSION = YES;
				GCC_WARN_ABOUT_RETURN_TYPE = YES_ERROR;
				GCC_WARN_UNDECLARED_SELECTOR = YES;
				GCC_WARN_UNINITIALIZED_AUTOS = YES_AGGRESSIVE;
				GCC_WARN_UNUSED_FUNCTION = YES;
				GCC_WARN_UNUSED_VARIABLE = YES;
				HEADER_SEARCH_PATHS = "";
				IPHONEOS_DEPLOYMENT_TARGET = 9.1;
				MTL_ENABLE_DEBUG_INFO = YES;
				ONLY_ACTIVE_ARCH = YES;
				SDKROOT = iphoneos;
				TARGETED_DEVICE_FAMILY = 2;
				USER_HEADER_SEARCH_PATHS = "";
			};
			name = Debug;
		};
		41A72C011E5F8BBE00B500E3 /* Release */ = {
			isa = XCBuildConfiguration;
			buildSettings = {
				ALWAYS_SEARCH_USER_PATHS = NO;
				CLANG_ANALYZER_NONNULL = YES;
				CLANG_CXX_LANGUAGE_STANDARD = "gnu++0x";
				CLANG_CXX_LIBRARY = "libc++";
				CLANG_ENABLE_MODULES = YES;
				CLANG_ENABLE_OBJC_ARC = YES;
				CLANG_WARN_BOOL_CONVERSION = YES;
				CLANG_WARN_CONSTANT_CONVERSION = YES;
				CLANG_WARN_DIRECT_OBJC_ISA_USAGE = YES_ERROR;
				CLANG_WARN_DOCUMENTATION_COMMENTS = YES;
				CLANG_WARN_EMPTY_BODY = YES;
				CLANG_WARN_ENUM_CONVERSION = YES;
				CLANG_WARN_INFINITE_RECURSION = YES;
				CLANG_WARN_INT_CONVERSION = YES;
				CLANG_WARN_OBJC_ROOT_CLASS = YES_ERROR;
				CLANG_WARN_SUSPICIOUS_MOVE = YES;
				CLANG_WARN_UNREACHABLE_CODE = YES;
				CLANG_WARN__DUPLICATE_METHOD_MATCH = YES;
				"CODE_SIGN_IDENTITY[sdk=iphoneos*]" = "iPhone Developer";
				COPY_PHASE_STRIP = NO;
				DEBUG_INFORMATION_FORMAT = "dwarf-with-dsym";
				ENABLE_NS_ASSERTIONS = NO;
				ENABLE_STRICT_OBJC_MSGSEND = YES;
				GCC_C_LANGUAGE_STANDARD = gnu99;
				GCC_INCREASE_PRECOMPILED_HEADER_SHARING = NO;
				GCC_NO_COMMON_BLOCKS = YES;
				GCC_WARN_64_TO_32_BIT_CONVERSION = YES;
				GCC_WARN_ABOUT_RETURN_TYPE = YES_ERROR;
				GCC_WARN_UNDECLARED_SELECTOR = YES;
				GCC_WARN_UNINITIALIZED_AUTOS = YES_AGGRESSIVE;
				GCC_WARN_UNUSED_FUNCTION = YES;
				GCC_WARN_UNUSED_VARIABLE = YES;
				HEADER_SEARCH_PATHS = "";
				IPHONEOS_DEPLOYMENT_TARGET = 9.1;
				MTL_ENABLE_DEBUG_INFO = NO;
				SDKROOT = iphoneos;
				TARGETED_DEVICE_FAMILY = 2;
				USER_HEADER_SEARCH_PATHS = "";
				VALIDATE_PRODUCT = YES;
			};
			name = Release;
		};
		41A72C031E5F8BBE00B500E3 /* Debug */ = {
			isa = XCBuildConfiguration;
			buildSettings = {
				ALWAYS_EMBED_SWIFT_STANDARD_LIBRARIES = YES;
				ASSETCATALOG_COMPILER_APPICON_NAME = AppIcon;
				CLANG_ENABLE_MODULES = YES;
				DEVELOPMENT_TEAM = 4TMNZ3Y9K4;
				FRAMEWORK_SEARCH_PATHS = (
					"$(inherited)",
					"$(PROJECT_DIR)",
					"$(PROJECT_DIR)/RobotKit.framework/Frameworks",
				);
				INFOPLIST_FILE = Orbcode/Info.plist;
				IPHONEOS_DEPLOYMENT_TARGET = 9.1;
				LD_RUNPATH_SEARCH_PATHS = "$(inherited) @executable_path/Frameworks";
				LIBRARY_SEARCH_PATHS = (
					"$(inherited)",
					"$(PROJECT_DIR)/hx.compiler/out/lib/cpp-ios-sim",
				);
				OTHER_LDFLAGS = (
					"-ObjC",
					"-lc++",
				);
				PRODUCT_BUNDLE_IDENTIFIER = fzzr.Orbcode;
				PRODUCT_NAME = "$(TARGET_NAME)";
				SWIFT_OBJC_BRIDGING_HEADER = "Orbcode/Orbcode-Bridging-Header.h";
				SWIFT_OPTIMIZATION_LEVEL = "-Onone";
				SWIFT_VERSION = 3.0;
			};
			name = Debug;
		};
		41A72C041E5F8BBE00B500E3 /* Release */ = {
			isa = XCBuildConfiguration;
			buildSettings = {
				ALWAYS_EMBED_SWIFT_STANDARD_LIBRARIES = YES;
				ASSETCATALOG_COMPILER_APPICON_NAME = AppIcon;
				CLANG_ENABLE_MODULES = YES;
				DEVELOPMENT_TEAM = 4TMNZ3Y9K4;
				FRAMEWORK_SEARCH_PATHS = (
					"$(inherited)",
					"$(PROJECT_DIR)",
					"$(PROJECT_DIR)/RobotKit.framework/Frameworks",
				);
				INFOPLIST_FILE = Orbcode/Info.plist;
				IPHONEOS_DEPLOYMENT_TARGET = 9.1;
				LD_RUNPATH_SEARCH_PATHS = "$(inherited) @executable_path/Frameworks";
				LIBRARY_SEARCH_PATHS = (
					"$(inherited)",
					"$(PROJECT_DIR)/hx.compiler/out/lib/cpp-ios-sim",
				);
				OTHER_LDFLAGS = (
					"-ObjC",
					"-lc++",
				);
				PRODUCT_BUNDLE_IDENTIFIER = fzzr.Orbcode;
				PRODUCT_NAME = "$(TARGET_NAME)";
				SWIFT_OBJC_BRIDGING_HEADER = "Orbcode/Orbcode-Bridging-Header.h";
				SWIFT_VERSION = 3.0;
			};
			name = Release;
		};
/* End XCBuildConfiguration section */

/* Begin XCConfigurationList section */
		41A72BE31E5F8BBE00B500E3 /* Build configuration list for PBXProject "Orbcode" */ = {
			isa = XCConfigurationList;
			buildConfigurations = (
				41A72C001E5F8BBE00B500E3 /* Debug */,
				41A72C011E5F8BBE00B500E3 /* Release */,
			);
			defaultConfigurationIsVisible = 0;
			defaultConfigurationName = Release;
		};
		41A72C021E5F8BBE00B500E3 /* Build configuration list for PBXNativeTarget "Orbcode" */ = {
			isa = XCConfigurationList;
			buildConfigurations = (
				41A72C031E5F8BBE00B500E3 /* Debug */,
				41A72C041E5F8BBE00B500E3 /* Release */,
			);
			defaultConfigurationIsVisible = 0;
			defaultConfigurationName = Release;
		};
/* End XCConfigurationList section */
	};
	rootObject = 41A72BE01E5F8BBE00B500E3 /* Project object */;
}
